// !$*UTF8*$!
{
	archiveVersion = 1;
	classes = {
	};
	objectVersion = 50;
	objects = {

/* Begin PBXBuildFile section */
		457153942425130B00F1CDC5 /* AppDelegate.m in Sources */ = {isa = PBXBuildFile; fileRef = 457153932425130A00F1CDC5 /* AppDelegate.m */; };
		457153972425130B00F1CDC5 /* SceneDelegate.m in Sources */ = {isa = PBXBuildFile; fileRef = 457153962425130B00F1CDC5 /* SceneDelegate.m */; };
		4571539D2425130B00F1CDC5 /* Main.storyboard in Resources */ = {isa = PBXBuildFile; fileRef = 4571539B2425130B00F1CDC5 /* Main.storyboard */; };
		4571539F2425130C00F1CDC5 /* Assets.xcassets in Resources */ = {isa = PBXBuildFile; fileRef = 4571539E2425130C00F1CDC5 /* Assets.xcassets */; };
		457153A22425130C00F1CDC5 /* LaunchScreen.storyboard in Resources */ = {isa = PBXBuildFile; fileRef = 457153A02425130C00F1CDC5 /* LaunchScreen.storyboard */; };
		457153A52425130D00F1CDC5 /* main.m in Sources */ = {isa = PBXBuildFile; fileRef = 457153A42425130D00F1CDC5 /* main.m */; };
		457153AE2425153600F1CDC5 /* PEIArtistTableViewController.m in Sources */ = {isa = PBXBuildFile; fileRef = 457153AD2425153600F1CDC5 /* PEIArtistTableViewController.m */; };
		457153B12425154B00F1CDC5 /* PEIArtistDetailViewController.m in Sources */ = {isa = PBXBuildFile; fileRef = 457153B02425154B00F1CDC5 /* PEIArtistDetailViewController.m */; };
		457153B524251CF000F1CDC5 /* PEIAritst.m in Sources */ = {isa = PBXBuildFile; fileRef = 457153B424251CF000F1CDC5 /* PEIAritst.m */; };
/* End PBXBuildFile section */

/* Begin PBXFileReference section */
		4571538F2425130A00F1CDC5 /* PEIFavoriteArtist.app */ = {isa = PBXFileReference; explicitFileType = wrapper.application; includeInIndex = 0; path = PEIFavoriteArtist.app; sourceTree = BUILT_PRODUCTS_DIR; };
		457153922425130A00F1CDC5 /* AppDelegate.h */ = {isa = PBXFileReference; lastKnownFileType = sourcecode.c.h; path = AppDelegate.h; sourceTree = "<group>"; };
		457153932425130A00F1CDC5 /* AppDelegate.m */ = {isa = PBXFileReference; lastKnownFileType = sourcecode.c.objc; path = AppDelegate.m; sourceTree = "<group>"; };
		457153952425130B00F1CDC5 /* SceneDelegate.h */ = {isa = PBXFileReference; lastKnownFileType = sourcecode.c.h; path = SceneDelegate.h; sourceTree = "<group>"; };
		457153962425130B00F1CDC5 /* SceneDelegate.m */ = {isa = PBXFileReference; lastKnownFileType = sourcecode.c.objc; path = SceneDelegate.m; sourceTree = "<group>"; };
		4571539C2425130B00F1CDC5 /* Base */ = {isa = PBXFileReference; lastKnownFileType = file.storyboard; name = Base; path = Base.lproj/Main.storyboard; sourceTree = "<group>"; };
		4571539E2425130C00F1CDC5 /* Assets.xcassets */ = {isa = PBXFileReference; lastKnownFileType = folder.assetcatalog; path = Assets.xcassets; sourceTree = "<group>"; };
		457153A12425130C00F1CDC5 /* Base */ = {isa = PBXFileReference; lastKnownFileType = file.storyboard; name = Base; path = Base.lproj/LaunchScreen.storyboard; sourceTree = "<group>"; };
		457153A32425130D00F1CDC5 /* Info.plist */ = {isa = PBXFileReference; lastKnownFileType = text.plist.xml; path = Info.plist; sourceTree = "<group>"; };
		457153A42425130D00F1CDC5 /* main.m */ = {isa = PBXFileReference; lastKnownFileType = sourcecode.c.objc; path = main.m; sourceTree = "<group>"; };
		457153AC2425153600F1CDC5 /* PEIArtistTableViewController.h */ = {isa = PBXFileReference; lastKnownFileType = sourcecode.c.h; path = PEIArtistTableViewController.h; sourceTree = "<group>"; };
		457153AD2425153600F1CDC5 /* PEIArtistTableViewController.m */ = {isa = PBXFileReference; lastKnownFileType = sourcecode.c.objc; path = PEIArtistTableViewController.m; sourceTree = "<group>"; };
		457153AF2425154B00F1CDC5 /* PEIArtistDetailViewController.h */ = {isa = PBXFileReference; lastKnownFileType = sourcecode.c.h; path = PEIArtistDetailViewController.h; sourceTree = "<group>"; };
		457153B02425154B00F1CDC5 /* PEIArtistDetailViewController.m */ = {isa = PBXFileReference; lastKnownFileType = sourcecode.c.objc; path = PEIArtistDetailViewController.m; sourceTree = "<group>"; };
		457153B324251CF000F1CDC5 /* PEIAritst.h */ = {isa = PBXFileReference; lastKnownFileType = sourcecode.c.h; path = PEIAritst.h; sourceTree = "<group>"; };
		457153B424251CF000F1CDC5 /* PEIAritst.m */ = {isa = PBXFileReference; lastKnownFileType = sourcecode.c.objc; path = PEIAritst.m; sourceTree = "<group>"; };
/* End PBXFileReference section */

/* Begin PBXFrameworksBuildPhase section */
		4571538C2425130A00F1CDC5 /* Frameworks */ = {
			isa = PBXFrameworksBuildPhase;
			buildActionMask = 2147483647;
			files = (
			);
			runOnlyForDeploymentPostprocessing = 0;
		};
/* End PBXFrameworksBuildPhase section */

/* Begin PBXGroup section */
		457153862425130A00F1CDC5 = {
			isa = PBXGroup;
			children = (
				457153912425130A00F1CDC5 /* PEIFavoriteArtist */,
				457153902425130A00F1CDC5 /* Products */,
			);
			sourceTree = "<group>";
		};
		457153902425130A00F1CDC5 /* Products */ = {
			isa = PBXGroup;
			children = (
				4571538F2425130A00F1CDC5 /* PEIFavoriteArtist.app */,
			);
			name = Products;
			sourceTree = "<group>";
		};
		457153912425130A00F1CDC5 /* PEIFavoriteArtist */ = {
			isa = PBXGroup;
			children = (
				457153B224251CD700F1CDC5 /* Models */,
				457153AB2425150400F1CDC5 /* View Controllers */,
				457153922425130A00F1CDC5 /* AppDelegate.h */,
				457153932425130A00F1CDC5 /* AppDelegate.m */,
				457153952425130B00F1CDC5 /* SceneDelegate.h */,
				457153962425130B00F1CDC5 /* SceneDelegate.m */,
				4571539B2425130B00F1CDC5 /* Main.storyboard */,
				4571539E2425130C00F1CDC5 /* Assets.xcassets */,
				457153A02425130C00F1CDC5 /* LaunchScreen.storyboard */,
				457153A32425130D00F1CDC5 /* Info.plist */,
				457153A42425130D00F1CDC5 /* main.m */,
			);
			path = PEIFavoriteArtist;
			sourceTree = "<group>";
		};
		457153AB2425150400F1CDC5 /* View Controllers */ = {
			isa = PBXGroup;
			children = (
				457153AC2425153600F1CDC5 /* PEIArtistTableViewController.h */,
				457153AD2425153600F1CDC5 /* PEIArtistTableViewController.m */,
				457153AF2425154B00F1CDC5 /* PEIArtistDetailViewController.h */,
				457153B02425154B00F1CDC5 /* PEIArtistDetailViewController.m */,
			);
			path = "View Controllers";
			sourceTree = "<group>";
		};
		457153B224251CD700F1CDC5 /* Models */ = {
			isa = PBXGroup;
			children = (
				457153B324251CF000F1CDC5 /* PEIAritst.h */,
				457153B424251CF000F1CDC5 /* PEIAritst.m */,
			);
			path = Models;
			sourceTree = "<group>";
		};
/* End PBXGroup section */

/* Begin PBXNativeTarget section */
		4571538E2425130A00F1CDC5 /* PEIFavoriteArtist */ = {
			isa = PBXNativeTarget;
			buildConfigurationList = 457153A82425130D00F1CDC5 /* Build configuration list for PBXNativeTarget "PEIFavoriteArtist" */;
			buildPhases = (
				4571538B2425130A00F1CDC5 /* Sources */,
				4571538C2425130A00F1CDC5 /* Frameworks */,
				4571538D2425130A00F1CDC5 /* Resources */,
			);
			buildRules = (
			);
			dependencies = (
			);
			name = PEIFavoriteArtist;
			productName = PEIFavoriteArtist;
			productReference = 4571538F2425130A00F1CDC5 /* PEIFavoriteArtist.app */;
			productType = "com.apple.product-type.application";
		};
/* End PBXNativeTarget section */

/* Begin PBXProject section */
		457153872425130A00F1CDC5 /* Project object */ = {
			isa = PBXProject;
			attributes = {
				LastUpgradeCheck = 1130;
				ORGANIZATIONNAME = "Lambda School";
				TargetAttributes = {
					4571538E2425130A00F1CDC5 = {
						CreatedOnToolsVersion = 11.3.1;
					};
				};
			};
			buildConfigurationList = 4571538A2425130A00F1CDC5 /* Build configuration list for PBXProject "PEIFavoriteArtist" */;
			compatibilityVersion = "Xcode 9.3";
			developmentRegion = en;
			hasScannedForEncodings = 0;
			knownRegions = (
				en,
				Base,
			);
			mainGroup = 457153862425130A00F1CDC5;
			productRefGroup = 457153902425130A00F1CDC5 /* Products */;
			projectDirPath = "";
			projectRoot = "";
			targets = (
				4571538E2425130A00F1CDC5 /* PEIFavoriteArtist */,
			);
		};
/* End PBXProject section */

/* Begin PBXResourcesBuildPhase section */
		4571538D2425130A00F1CDC5 /* Resources */ = {
			isa = PBXResourcesBuildPhase;
			buildActionMask = 2147483647;
			files = (
				457153A22425130C00F1CDC5 /* LaunchScreen.storyboard in Resources */,
				4571539F2425130C00F1CDC5 /* Assets.xcassets in Resources */,
				4571539D2425130B00F1CDC5 /* Main.storyboard in Resources */,
			);
			runOnlyForDeploymentPostprocessing = 0;
		};
/* End PBXResourcesBuildPhase section */

/* Begin PBXSourcesBuildPhase section */
		4571538B2425130A00F1CDC5 /* Sources */ = {
			isa = PBXSourcesBuildPhase;
			buildActionMask = 2147483647;
			files = (
				457153B12425154B00F1CDC5 /* PEIArtistDetailViewController.m in Sources */,
				457153B524251CF000F1CDC5 /* PEIAritst.m in Sources */,
				457153AE2425153600F1CDC5 /* PEIArtistTableViewController.m in Sources */,
				457153942425130B00F1CDC5 /* AppDelegate.m in Sources */,
				457153A52425130D00F1CDC5 /* main.m in Sources */,
				457153972425130B00F1CDC5 /* SceneDelegate.m in Sources */,
			);
			runOnlyForDeploymentPostprocessing = 0;
		};
/* End PBXSourcesBuildPhase section */

/* Begin PBXVariantGroup section */
		4571539B2425130B00F1CDC5 /* Main.storyboard */ = {
			isa = PBXVariantGroup;
			children = (
				4571539C2425130B00F1CDC5 /* Base */,
			);
			name = Main.storyboard;
			sourceTree = "<group>";
		};
		457153A02425130C00F1CDC5 /* LaunchScreen.storyboard */ = {
			isa = PBXVariantGroup;
			children = (
				457153A12425130C00F1CDC5 /* Base */,
			);
			name = LaunchScreen.storyboard;
			sourceTree = "<group>";
		};
/* End PBXVariantGroup section */

/* Begin XCBuildConfiguration section */
		457153A62425130D00F1CDC5 /* Debug */ = {
			isa = XCBuildConfiguration;
			buildSettings = {
				ALWAYS_SEARCH_USER_PATHS = NO;
				CLANG_ANALYZER_NONNULL = YES;
				CLANG_ANALYZER_NUMBER_OBJECT_CONVERSION = YES_AGGRESSIVE;
				CLANG_CXX_LANGUAGE_STANDARD = "gnu++14";
				CLANG_CXX_LIBRARY = "libc++";
				CLANG_ENABLE_MODULES = YES;
				CLANG_ENABLE_OBJC_ARC = YES;
				CLANG_ENABLE_OBJC_WEAK = YES;
				CLANG_WARN_BLOCK_CAPTURE_AUTORELEASING = YES;
				CLANG_WARN_BOOL_CONVERSION = YES;
				CLANG_WARN_COMMA = YES;
				CLANG_WARN_CONSTANT_CONVERSION = YES;
				CLANG_WARN_DEPRECATED_OBJC_IMPLEMENTATIONS = YES;
				CLANG_WARN_DIRECT_OBJC_ISA_USAGE = YES_ERROR;
				CLANG_WARN_DOCUMENTATION_COMMENTS = YES;
				CLANG_WARN_EMPTY_BODY = YES;
				CLANG_WARN_ENUM_CONVERSION = YES;
				CLANG_WARN_INFINITE_RECURSION = YES;
				CLANG_WARN_INT_CONVERSION = YES;
				CLANG_WARN_NON_LITERAL_NULL_CONVERSION = YES;
				CLANG_WARN_OBJC_IMPLICIT_RETAIN_SELF = YES;
				CLANG_WARN_OBJC_LITERAL_CONVERSION = YES;
				CLANG_WARN_OBJC_ROOT_CLASS = YES_ERROR;
				CLANG_WARN_RANGE_LOOP_ANALYSIS = YES;
				CLANG_WARN_STRICT_PROTOTYPES = YES;
				CLANG_WARN_SUSPICIOUS_MOVE = YES;
				CLANG_WARN_UNGUARDED_AVAILABILITY = YES_AGGRESSIVE;
				CLANG_WARN_UNREACHABLE_CODE = YES;
				CLANG_WARN__DUPLICATE_METHOD_MATCH = YES;
				COPY_PHASE_STRIP = NO;
				DEBUG_INFORMATION_FORMAT = dwarf;
				ENABLE_STRICT_OBJC_MSGSEND = YES;
				ENABLE_TESTABILITY = YES;
				GCC_C_LANGUAGE_STANDARD = gnu11;
				GCC_DYNAMIC_NO_PIC = NO;
				GCC_NO_COMMON_BLOCKS = YES;
				GCC_OPTIMIZATION_LEVEL = 0;
				GCC_PREPROCESSOR_DEFINITIONS = (
					"DEBUG=1",
					"$(inherited)",
				);
				GCC_WARN_64_TO_32_BIT_CONVERSION = YES;
				GCC_WARN_ABOUT_RETURN_TYPE = YES_ERROR;
				GCC_WARN_UNDECLARED_SELECTOR = YES;
				GCC_WARN_UNINITIALIZED_AUTOS = YES_AGGRESSIVE;
				GCC_WARN_UNUSED_FUNCTION = YES;
				GCC_WARN_UNUSED_VARIABLE = YES;
				IPHONEOS_DEPLOYMENT_TARGET = 13.2;
				MTL_ENABLE_DEBUG_INFO = INCLUDE_SOURCE;
				MTL_FAST_MATH = YES;
				ONLY_ACTIVE_ARCH = YES;
				SDKROOT = iphoneos;
			};
			name = Debug;
		};
		457153A72425130D00F1CDC5 /* Release */ = {
			isa = XCBuildConfiguration;
			buildSettings = {
				ALWAYS_SEARCH_USER_PATHS = NO;
				CLANG_ANALYZER_NONNULL = YES;
				CLANG_ANALYZER_NUMBER_OBJECT_CONVERSION = YES_AGGRESSIVE;
				CLANG_CXX_LANGUAGE_STANDARD = "gnu++14";
				CLANG_CXX_LIBRARY = "libc++";
				CLANG_ENABLE_MODULES = YES;
				CLANG_ENABLE_OBJC_ARC = YES;
				CLANG_ENABLE_OBJC_WEAK = YES;
				CLANG_WARN_BLOCK_CAPTURE_AUTORELEASING = YES;
				CLANG_WARN_BOOL_CONVERSION = YES;
				CLANG_WARN_COMMA = YES;
				CLANG_WARN_CONSTANT_CONVERSION = YES;
				CLANG_WARN_DEPRECATED_OBJC_IMPLEMENTATIONS = YES;
				CLANG_WARN_DIRECT_OBJC_ISA_USAGE = YES_ERROR;
				CLANG_WARN_DOCUMENTATION_COMMENTS = YES;
				CLANG_WARN_EMPTY_BODY = YES;
				CLANG_WARN_ENUM_CONVERSION = YES;
				CLANG_WARN_INFINITE_RECURSION = YES;
				CLANG_WARN_INT_CONVERSION = YES;
				CLANG_WARN_NON_LITERAL_NULL_CONVERSION = YES;
				CLANG_WARN_OBJC_IMPLICIT_RETAIN_SELF = YES;
				CLANG_WARN_OBJC_LITERAL_CONVERSION = YES;
				CLANG_WARN_OBJC_ROOT_CLASS = YES_ERROR;
				CLANG_WARN_RANGE_LOOP_ANALYSIS = YES;
				CLANG_WARN_STRICT_PROTOTYPES = YES;
				CLANG_WARN_SUSPICIOUS_MOVE = YES;
				CLANG_WARN_UNGUARDED_AVAILABILITY = YES_AGGRESSIVE;
				CLANG_WARN_UNREACHABLE_CODE = YES;
				CLANG_WARN__DUPLICATE_METHOD_MATCH = YES;
				COPY_PHASE_STRIP = NO;
				DEBUG_INFORMATION_FORMAT = "dwarf-with-dsym";
				ENABLE_NS_ASSERTIONS = NO;
				ENABLE_STRICT_OBJC_MSGSEND = YES;
				GCC_C_LANGUAGE_STANDARD = gnu11;
				GCC_NO_COMMON_BLOCKS = YES;
				GCC_WARN_64_TO_32_BIT_CONVERSION = YES;
				GCC_WARN_ABOUT_RETURN_TYPE = YES_ERROR;
				GCC_WARN_UNDECLARED_SELECTOR = YES;
				GCC_WARN_UNINITIALIZED_AUTOS = YES_AGGRESSIVE;
				GCC_WARN_UNUSED_FUNCTION = YES;
				GCC_WARN_UNUSED_VARIABLE = YES;
				IPHONEOS_DEPLOYMENT_TARGET = 13.2;
				MTL_ENABLE_DEBUG_INFO = NO;
				MTL_FAST_MATH = YES;
				SDKROOT = iphoneos;
				VALIDATE_PRODUCT = YES;
			};
			name = Release;
		};
		457153A92425130D00F1CDC5 /* Debug */ = {
			isa = XCBuildConfiguration;
			buildSettings = {
				ASSETCATALOG_COMPILER_APPICON_NAME = AppIcon;
				CODE_SIGN_STYLE = Automatic;
				INFOPLIST_FILE = PEIFavoriteArtist/Info.plist;
				LD_RUNPATH_SEARCH_PATHS = (
					"$(inherited)",
					"@executable_path/Frameworks",
				);
				PRODUCT_BUNDLE_IDENTIFIER = com.flash.PEIFavoriteArtist;
				PRODUCT_NAME = "$(TARGET_NAME)";
				TARGETED_DEVICE_FAMILY = "1,2";
			};
			name = Debug;
		};
		457153AA2425130D00F1CDC5 /* Release */ = {
			isa = XCBuildConfiguration;
			buildSettings = {
				ASSETCATALOG_COMPILER_APPICON_NAME = AppIcon;
				CODE_SIGN_STYLE = Automatic;
				INFOPLIST_FILE = PEIFavoriteArtist/Info.plist;
				LD_RUNPATH_SEARCH_PATHS = (
					"$(inherited)",
					"@executable_path/Frameworks",
				);
				PRODUCT_BUNDLE_IDENTIFIER = com.flash.PEIFavoriteArtist;
				PRODUCT_NAME = "$(TARGET_NAME)";
				TARGETED_DEVICE_FAMILY = "1,2";
			};
			name = Release;
		};
/* End XCBuildConfiguration section */

/* Begin XCConfigurationList section */
		4571538A2425130A00F1CDC5 /* Build configuration list for PBXProject "PEIFavoriteArtist" */ = {
			isa = XCConfigurationList;
			buildConfigurations = (
				457153A62425130D00F1CDC5 /* Debug */,
				457153A72425130D00F1CDC5 /* Release */,
			);
			defaultConfigurationIsVisible = 0;
			defaultConfigurationName = Release;
		};
		457153A82425130D00F1CDC5 /* Build configuration list for PBXNativeTarget "PEIFavoriteArtist" */ = {
			isa = XCConfigurationList;
			buildConfigurations = (
				457153A92425130D00F1CDC5 /* Debug */,
				457153AA2425130D00F1CDC5 /* Release */,
			);
			defaultConfigurationIsVisible = 0;
			defaultConfigurationName = Release;
		};
/* End XCConfigurationList section */
	};
	rootObject = 457153872425130A00F1CDC5 /* Project object */;
}
